
Microsoft Visual Studio Solution File, Format Version 12.00
# Visual Studio Version 17
VisualStudioVersion = 17.10.34928.147
MinimumVisualStudioVersion = 10.0.40219.1
Project("{2150E333-8FDC-42A3-9474-1A3956D46DE8}") = "BuildingBlocks", "BuildingBlocks", "{FBE62186-D3CD-48B7-A6D6-293A2BE6B0A0}"
EndProject
Project("{2150E333-8FDC-42A3-9474-1A3956D46DE8}") = "Services", "Services", "{614EB7A1-5218-4222-8345-082FA311506F}"
EndProject
Project("{2150E333-8FDC-42A3-9474-1A3956D46DE8}") = "Catalog", "Catalog", "{50CB15A9-5AA6-4942-92ED-2E13BA553E30}"
EndProject
Project("{E53339B2-1760-4266-BCC7-CA923CBCF16C}") = "docker-compose", "docker-compose.dcproj", "{96349B5F-818C-45AD-8F5B-4C2AE150F2F5}"
EndProject
Project("{9A19103F-16F7-4668-BE54-9A1E7A4F7556}") = "BuildingBlocks", "BuildingBlocks\BuildingBlocks\BuildingBlocks.csproj", "{DF3749D2-3B3A-4F16-86E4-BA3B77665F8C}"
EndProject
Project("{9A19103F-16F7-4668-BE54-9A1E7A4F7556}") = "Catalog.API", "Services\Catalog\Catalog.API\Catalog.API.csproj", "{42AC8018-AE82-4291-8792-1A17AB8C96BC}"
EndProject
Project("{2150E333-8FDC-42A3-9474-1A3956D46DE8}") = "Basket", "Basket", "{4A8ABB73-B099-4D06-87BF-F1AECCA40FF1}"
EndProject
Project("{FAE04EC0-301F-11D3-BF4B-00C04F79EFBC}") = "Basket.API", "Services\Basket\Basket.API\Basket.API.csproj", "{FF610D30-4576-4AE5-988B-FA863BECA11A}"
EndProject
Global
	GlobalSection(SolutionConfigurationPlatforms) = preSolution
		Debug|Any CPU = Debug|Any CPU
		Release|Any CPU = Release|Any CPU
	EndGlobalSection
	GlobalSection(ProjectConfigurationPlatforms) = postSolution
		{96349B5F-818C-45AD-8F5B-4C2AE150F2F5}.Debug|Any CPU.ActiveCfg = Debug|Any CPU
		{96349B5F-818C-45AD-8F5B-4C2AE150F2F5}.Debug|Any CPU.Build.0 = Debug|Any CPU
		{96349B5F-818C-45AD-8F5B-4C2AE150F2F5}.Release|Any CPU.ActiveCfg = Release|Any CPU
		{96349B5F-818C-45AD-8F5B-4C2AE150F2F5}.Release|Any CPU.Build.0 = Release|Any CPU
		{DF3749D2-3B3A-4F16-86E4-BA3B77665F8C}.Debug|Any CPU.ActiveCfg = Debug|Any CPU
		{DF3749D2-3B3A-4F16-86E4-BA3B77665F8C}.Debug|Any CPU.Build.0 = Debug|Any CPU
		{DF3749D2-3B3A-4F16-86E4-BA3B77665F8C}.Release|Any CPU.ActiveCfg = Release|Any CPU
		{DF3749D2-3B3A-4F16-86E4-BA3B77665F8C}.Release|Any CPU.Build.0 = Release|Any CPU
		{42AC8018-AE82-4291-8792-1A17AB8C96BC}.Debug|Any CPU.ActiveCfg = Debug|Any CPU
		{42AC8018-AE82-4291-8792-1A17AB8C96BC}.Debug|Any CPU.Build.0 = Debug|Any CPU
		{42AC8018-AE82-4291-8792-1A17AB8C96BC}.Release|Any CPU.ActiveCfg = Release|Any CPU
		{42AC8018-AE82-4291-8792-1A17AB8C96BC}.Release|Any CPU.Build.0 = Release|Any CPU
		{FF610D30-4576-4AE5-988B-FA863BECA11A}.Debug|Any CPU.ActiveCfg = Debug|Any CPU
		{FF610D30-4576-4AE5-988B-FA863BECA11A}.Debug|Any CPU.Build.0 = Debug|Any CPU
		{FF610D30-4576-4AE5-988B-FA863BECA11A}.Release|Any CPU.ActiveCfg = Release|Any CPU
		{FF610D30-4576-4AE5-988B-FA863BECA11A}.Release|Any CPU.Build.0 = Release|Any CPU
	EndGlobalSection
	GlobalSection(SolutionProperties) = preSolution
		HideSolutionNode = FALSE
	EndGlobalSection
	GlobalSection(NestedProjects) = preSolution
		{50CB15A9-5AA6-4942-92ED-2E13BA553E30} = {614EB7A1-5218-4222-8345-082FA311506F}
		{DF3749D2-3B3A-4F16-86E4-BA3B77665F8C} = {FBE62186-D3CD-48B7-A6D6-293A2BE6B0A0}
		{42AC8018-AE82-4291-8792-1A17AB8C96BC} = {50CB15A9-5AA6-4942-92ED-2E13BA553E30}
		{4A8ABB73-B099-4D06-87BF-F1AECCA40FF1} = {614EB7A1-5218-4222-8345-082FA311506F}
		{FF610D30-4576-4AE5-988B-FA863BECA11A} = {4A8ABB73-B099-4D06-87BF-F1AECCA40FF1}
	EndGlobalSection
	GlobalSection(ExtensibilityGlobals) = postSolution
		SolutionGuid = {35E1D0BD-A0EC-40B2-B349-ACBB927BE20D}
	EndGlobalSection
EndGlobal
